
Microsoft Visual Studio Solution File, Format Version 12.00
Project("{FAE04EC0-301F-11D3-BF4B-00C04F79EFBC}") = "dka.net5.codesamples", "dka.net5.codesamples\dka.net5.codesamples.csproj", "{41B789AE-48E5-4446-B004-42F3A72D4A5F}"
EndProject
Project("{FAE04EC0-301F-11D3-BF4B-00C04F79EFBC}") = "dka.net5.codesamples.library", "dka.net5.codesamples.library\dka.net5.codesamples.library.csproj", "{197443DC-6F41-46C6-8470-D03E7A2A39C3}"
EndProject
Project("{FAE04EC0-301F-11D3-BF4B-00C04F79EFBC}") = "dka.net5.codesamples.web", "dka.net5.codesamples.web\dka.net5.codesamples.web.csproj", "{0EA55F13-5D42-4689-9BDE-7167D38DE51B}"
EndProject
Project("{2150E333-8FDC-42A3-9474-1A3956D46DE8}") = "Dka.Net5.ThreeLayersModern", "Dka.Net5.ThreeLayersModern", "{256FBC5B-3340-4A41-8668-C51830F107FD}"
EndProject
Project("{FAE04EC0-301F-11D3-BF4B-00C04F79EFBC}") = "Infrastructure", "Dka.Net5.ThreeLayersModern\src\Infrastructure\Infrastructure.csproj", "{FB9C823D-22B8-4E6E-AFB9-E4A03414CAEC}"
EndProject
Project("{FAE04EC0-301F-11D3-BF4B-00C04F79EFBC}") = "Application", "Dka.Net5.ThreeLayersModern\src\Application\Application.csproj", "{E3F1EB10-C9B6-4DBB-9EB1-25163AA09EBB}"
EndProject
Project("{FAE04EC0-301F-11D3-BF4B-00C04F79EFBC}") = "WebUI", "Dka.Net5.ThreeLayersModern\src\WebUI\WebUI.csproj", "{9A590C96-EAE0-42A9-B99B-4549E1BDC554}"
EndProject
Project("{2150E333-8FDC-42A3-9474-1A3956D46DE8}") = "Dka.Net5.ThreeLayersClassic", "Dka.Net5.ThreeLayersClassic", "{1FE7F590-3598-41FC-BE15-69B6179B20E2}"
EndProject
Project("{FAE04EC0-301F-11D3-BF4B-00C04F79EFBC}") = "DataAccess", "Dka.Net5.ThreeLayersClassic\DataAccess\DataAccess.csproj", "{418EDAA5-8744-4152-B1CB-3D8488DD7D20}"
EndProject
Project("{FAE04EC0-301F-11D3-BF4B-00C04F79EFBC}") = "BusinessLogic", "Dka.Net5.ThreeLayersClassic\BusinessLogic\BusinessLogic.csproj", "{76A1BC02-6D7C-4DA4-B7FA-2BB9DDB224A3}"
EndProject
Project("{FAE04EC0-301F-11D3-BF4B-00C04F79EFBC}") = "Web", "Dka.Net5.ThreeLayersClassic\Web\Web.csproj", "{AB726F8A-33A1-4CC9-8F96-A26AC4349C83}"
EndProject
Global
	GlobalSection(SolutionConfigurationPlatforms) = preSolution
		Debug|Any CPU = Debug|Any CPU
		Release|Any CPU = Release|Any CPU
	EndGlobalSection
	GlobalSection(ProjectConfigurationPlatforms) = postSolution
		{41B789AE-48E5-4446-B004-42F3A72D4A5F}.Debug|Any CPU.ActiveCfg = Debug|Any CPU
		{41B789AE-48E5-4446-B004-42F3A72D4A5F}.Debug|Any CPU.Build.0 = Debug|Any CPU
		{41B789AE-48E5-4446-B004-42F3A72D4A5F}.Release|Any CPU.ActiveCfg = Release|Any CPU
		{41B789AE-48E5-4446-B004-42F3A72D4A5F}.Release|Any CPU.Build.0 = Release|Any CPU
		{197443DC-6F41-46C6-8470-D03E7A2A39C3}.Debug|Any CPU.ActiveCfg = Debug|Any CPU
		{197443DC-6F41-46C6-8470-D03E7A2A39C3}.Debug|Any CPU.Build.0 = Debug|Any CPU
		{197443DC-6F41-46C6-8470-D03E7A2A39C3}.Release|Any CPU.ActiveCfg = Release|Any CPU
		{197443DC-6F41-46C6-8470-D03E7A2A39C3}.Release|Any CPU.Build.0 = Release|Any CPU
		{0EA55F13-5D42-4689-9BDE-7167D38DE51B}.Debug|Any CPU.ActiveCfg = Debug|Any CPU
		{0EA55F13-5D42-4689-9BDE-7167D38DE51B}.Debug|Any CPU.Build.0 = Debug|Any CPU
		{0EA55F13-5D42-4689-9BDE-7167D38DE51B}.Release|Any CPU.ActiveCfg = Release|Any CPU
		{0EA55F13-5D42-4689-9BDE-7167D38DE51B}.Release|Any CPU.Build.0 = Release|Any CPU
		{FB9C823D-22B8-4E6E-AFB9-E4A03414CAEC}.Debug|Any CPU.ActiveCfg = Debug|Any CPU
		{FB9C823D-22B8-4E6E-AFB9-E4A03414CAEC}.Debug|Any CPU.Build.0 = Debug|Any CPU
		{FB9C823D-22B8-4E6E-AFB9-E4A03414CAEC}.Release|Any CPU.ActiveCfg = Release|Any CPU
		{FB9C823D-22B8-4E6E-AFB9-E4A03414CAEC}.Release|Any CPU.Build.0 = Release|Any CPU
		{E3F1EB10-C9B6-4DBB-9EB1-25163AA09EBB}.Debug|Any CPU.ActiveCfg = Debug|Any CPU
		{E3F1EB10-C9B6-4DBB-9EB1-25163AA09EBB}.Debug|Any CPU.Build.0 = Debug|Any CPU
		{E3F1EB10-C9B6-4DBB-9EB1-25163AA09EBB}.Release|Any CPU.ActiveCfg = Release|Any CPU
		{E3F1EB10-C9B6-4DBB-9EB1-25163AA09EBB}.Release|Any CPU.Build.0 = Release|Any CPU
		{9A590C96-EAE0-42A9-B99B-4549E1BDC554}.Debug|Any CPU.ActiveCfg = Debug|Any CPU
		{9A590C96-EAE0-42A9-B99B-4549E1BDC554}.Debug|Any CPU.Build.0 = Debug|Any CPU
		{9A590C96-EAE0-42A9-B99B-4549E1BDC554}.Release|Any CPU.ActiveCfg = Release|Any CPU
		{9A590C96-EAE0-42A9-B99B-4549E1BDC554}.Release|Any CPU.Build.0 = Release|Any CPU
		{418EDAA5-8744-4152-B1CB-3D8488DD7D20}.Debug|Any CPU.ActiveCfg = Debug|Any CPU
		{418EDAA5-8744-4152-B1CB-3D8488DD7D20}.Debug|Any CPU.Build.0 = Debug|Any CPU
		{418EDAA5-8744-4152-B1CB-3D8488DD7D20}.Release|Any CPU.ActiveCfg = Release|Any CPU
		{418EDAA5-8744-4152-B1CB-3D8488DD7D20}.Release|Any CPU.Build.0 = Release|Any CPU
		{76A1BC02-6D7C-4DA4-B7FA-2BB9DDB224A3}.Debug|Any CPU.ActiveCfg = Debug|Any CPU
		{76A1BC02-6D7C-4DA4-B7FA-2BB9DDB224A3}.Debug|Any CPU.Build.0 = Debug|Any CPU
		{76A1BC02-6D7C-4DA4-B7FA-2BB9DDB224A3}.Release|Any CPU.ActiveCfg = Release|Any CPU
		{76A1BC02-6D7C-4DA4-B7FA-2BB9DDB224A3}.Release|Any CPU.Build.0 = Release|Any CPU
		{AB726F8A-33A1-4CC9-8F96-A26AC4349C83}.Debug|Any CPU.ActiveCfg = Debug|Any CPU
		{AB726F8A-33A1-4CC9-8F96-A26AC4349C83}.Debug|Any CPU.Build.0 = Debug|Any CPU
		{AB726F8A-33A1-4CC9-8F96-A26AC4349C83}.Release|Any CPU.ActiveCfg = Release|Any CPU
		{AB726F8A-33A1-4CC9-8F96-A26AC4349C83}.Release|Any CPU.Build.0 = Release|Any CPU
	EndGlobalSection
	GlobalSection(NestedProjects) = preSolution
		{FB9C823D-22B8-4E6E-AFB9-E4A03414CAEC} = {256FBC5B-3340-4A41-8668-C51830F107FD}
		{E3F1EB10-C9B6-4DBB-9EB1-25163AA09EBB} = {256FBC5B-3340-4A41-8668-C51830F107FD}
		{9A590C96-EAE0-42A9-B99B-4549E1BDC554} = {256FBC5B-3340-4A41-8668-C51830F107FD}
		{418EDAA5-8744-4152-B1CB-3D8488DD7D20} = {1FE7F590-3598-41FC-BE15-69B6179B20E2}
		{76A1BC02-6D7C-4DA4-B7FA-2BB9DDB224A3} = {1FE7F590-3598-41FC-BE15-69B6179B20E2}
		{AB726F8A-33A1-4CC9-8F96-A26AC4349C83} = {1FE7F590-3598-41FC-BE15-69B6179B20E2}
	EndGlobalSection
EndGlobal
