
Microsoft Visual Studio Solution File, Format Version 12.00
Project("{FAE04EC0-301F-11D3-BF4B-00C04F79EFBC}") = "dka.net5.codesamples.web", "dka.net5.codesamples.web\dka.net5.codesamples.web.csproj", "{0EA55F13-5D42-4689-9BDE-7167D38DE51B}"
EndProject
Project("{2150E333-8FDC-42A3-9474-1A3956D46DE8}") = "MvcWebApp", "MvcWebApp", "{256FBC5B-3340-4A41-8668-C51830F107FD}"
EndProject
Project("{2150E333-8FDC-42A3-9474-1A3956D46DE8}") = "IdentityWithDapper", "IdentityWithDapper", "{528BF12F-E9A3-430C-8458-7E14348D5316}"
EndProject
Project("{FAE04EC0-301F-11D3-BF4B-00C04F79EFBC}") = "IdentityWithDapper", "IdentityWithDapper\IdentityWithDapper.csproj", "{27E5DBB9-FAC6-4768-9655-843664455162}"
EndProject
Project("{2150E333-8FDC-42A3-9474-1A3956D46DE8}") = "ServiceBus", "ServiceBus", "{45180037-A8CB-494B-AB31-F04E66A3D0BE}"
EndProject
Project("{2150E333-8FDC-42A3-9474-1A3956D46DE8}") = "AzureFunctions", "AzureFunctions", "{80A2F739-CC16-44EE-AF0F-33C09C16339F}"
EndProject
Project("{2150E333-8FDC-42A3-9474-1A3956D46DE8}") = "OAuth", "OAuth", "{943625B5-08F8-4D67-9BA8-33FB94F47751}"
EndProject
Project("{2150E333-8FDC-42A3-9474-1A3956D46DE8}") = "OAuthClientTesterWebApp", "OAuthClientTesterWebApp", "{CB744CA9-F8A5-41C7-8076-D4BB341B1ED6}"
EndProject
Project("{2150E333-8FDC-42A3-9474-1A3956D46DE8}") = "OAuthClient", "OAuthClient", "{6F47987D-9F2C-4FAC-8F28-6CD248096E77}"
EndProject
Project("{FAE04EC0-301F-11D3-BF4B-00C04F79EFBC}") = "OAuthClient", "OAuth\OAuthClient\OAuthClient\OAuthClient.csproj", "{7F7A1CD0-F571-43EA-BB6B-4E3D1EC74D17}"
EndProject
Project("{FAE04EC0-301F-11D3-BF4B-00C04F79EFBC}") = "Application", "OAuth\OAuthClientTesterWebApp\Application\Application.csproj", "{478ADE87-DDF9-494F-8093-2BC24CDD8E84}"
EndProject
Project("{FAE04EC0-301F-11D3-BF4B-00C04F79EFBC}") = "Infrastucture", "OAuth\OAuthClientTesterWebApp\Infrastucture\Infrastucture.csproj", "{18F68643-5F31-49C1-A2BD-7A99766A24A2}"
EndProject
Project("{FAE04EC0-301F-11D3-BF4B-00C04F79EFBC}") = "WebUI", "OAuth\OAuthClientTesterWebApp\WebUI\WebUI.csproj", "{83CCE56B-FCD5-43B6-9436-B3CCA14B93D4}"
EndProject
Project("{2150E333-8FDC-42A3-9474-1A3956D46DE8}") = "ApplicationBuildingBlocks", "ApplicationBuildingBlocks", "{D9F06CC5-3BB2-460D-9B91-9D28B9C485B3}"
EndProject
Project("{FAE04EC0-301F-11D3-BF4B-00C04F79EFBC}") = "ApplicationBuildingBlocks", "ApplicationBuildingBlocks\ApplicationBuildingBlocks\ApplicationBuildingBlocks.csproj", "{95F81128-91BC-4005-A020-FFC678EEC93D}"
EndProject
Project("{FAE04EC0-301F-11D3-BF4B-00C04F79EFBC}") = "ThreeLayersModernEventsSubscriber", "AzureFunctions\ThreeLayersModernEventsSubscriber\ThreeLayersModernEventsSubscriber.csproj", "{36D87BCC-C043-414A-8EB8-00A074701D08}"
EndProject
Project("{FAE04EC0-301F-11D3-BF4B-00C04F79EFBC}") = "ThreeLayersModernApi", "AzureFunctions\ThreeLayersModernApi\ThreeLayersModernApi.csproj", "{B5F7E2F3-DF3C-47E9-B9C1-C19D8E105729}"
EndProject
Project("{2150E333-8FDC-42A3-9474-1A3956D46DE8}") = "APIM", "APIM", "{BE7FD64E-4559-471F-85B0-C08C896377EC}"
EndProject
Project("{FAE04EC0-301F-11D3-BF4B-00C04F79EFBC}") = "ApimBackupRestore", "APIM\ApimBackupRestore\ApimBackupRestore.csproj", "{8E8E6B43-F69D-48A8-A8CE-DD7F385F40E6}"
EndProject
Project("{2150E333-8FDC-42A3-9474-1A3956D46DE8}") = "CodeSnippets", "CodeSnippets", "{1C769FEF-DA59-4BF7-BF45-37F927C29002}"
EndProject
Project("{FAE04EC0-301F-11D3-BF4B-00C04F79EFBC}") = "CodeSnippetsLibrary", "CodeSnippets\CodeSnippetsLibrary\CodeSnippetsLibrary.csproj", "{800E3156-5499-4AEF-A8E6-92091CC42E36}"
EndProject
Project("{FAE04EC0-301F-11D3-BF4B-00C04F79EFBC}") = "CodeSnippetsConsole", "CodeSnippets\CodeSnippetsConsole\CodeSnippetsConsole.csproj", "{CFEB5ACE-FE41-4A4C-99AE-F62DAEDE6FBA}"
EndProject
Project("{FAE04EC0-301F-11D3-BF4B-00C04F79EFBC}") = "ServiceBusMessages", "ServiceBus\Messages\ServiceBusMessages.csproj", "{476F21DA-8968-4380-9652-89DAFC2E2BB0}"
EndProject
Project("{FAE04EC0-301F-11D3-BF4B-00C04F79EFBC}") = "ServiceBusPublisher", "ServiceBus\Publisher\ServiceBusPublisher.csproj", "{C06D5FA9-C169-490F-8997-727292F42344}"
EndProject
Project("{FAE04EC0-301F-11D3-BF4B-00C04F79EFBC}") = "ServiceBusSubscriber", "ServiceBus\Subscriber\ServiceBusSubscriber.csproj", "{65C8B1B8-AC83-42FD-9110-BC850E2F2B51}"
EndProject
Project("{FAE04EC0-301F-11D3-BF4B-00C04F79EFBC}") = "ServiceBusTester", "ServiceBus\Tester\ServiceBusTester.csproj", "{F8C1CDA6-B34F-4C12-B37E-8C20463C24AF}"
EndProject
Project("{FAE04EC0-301F-11D3-BF4B-00C04F79EFBC}") = "Infrastructure", "MvcWebApp\src\Infrastructure\Infrastructure.csproj", "{BE89731F-DC6A-4E5B-A9A4-90DB7920B4DB}"
EndProject
Project("{FAE04EC0-301F-11D3-BF4B-00C04F79EFBC}") = "Application", "MvcWebApp\src\Application\Application.csproj", "{795EB5C8-0966-418C-8164-81BBACE2273B}"
EndProject
Project("{FAE04EC0-301F-11D3-BF4B-00C04F79EFBC}") = "WebUI", "MvcWebApp\src\WebUI\WebUI.csproj", "{D4E4F127-E14E-4944-93FE-C0D1B9C8E899}"
EndProject
Global
	GlobalSection(SolutionConfigurationPlatforms) = preSolution
		Debug|Any CPU = Debug|Any CPU
		Release|Any CPU = Release|Any CPU
	EndGlobalSection
	GlobalSection(ProjectConfigurationPlatforms) = postSolution
		{0EA55F13-5D42-4689-9BDE-7167D38DE51B}.Debug|Any CPU.ActiveCfg = Debug|Any CPU
		{0EA55F13-5D42-4689-9BDE-7167D38DE51B}.Debug|Any CPU.Build.0 = Debug|Any CPU
		{0EA55F13-5D42-4689-9BDE-7167D38DE51B}.Release|Any CPU.ActiveCfg = Release|Any CPU
		{0EA55F13-5D42-4689-9BDE-7167D38DE51B}.Release|Any CPU.Build.0 = Release|Any CPU
		{27E5DBB9-FAC6-4768-9655-843664455162}.Debug|Any CPU.ActiveCfg = Debug|Any CPU
		{27E5DBB9-FAC6-4768-9655-843664455162}.Debug|Any CPU.Build.0 = Debug|Any CPU
		{27E5DBB9-FAC6-4768-9655-843664455162}.Release|Any CPU.ActiveCfg = Release|Any CPU
		{27E5DBB9-FAC6-4768-9655-843664455162}.Release|Any CPU.Build.0 = Release|Any CPU
		{7F7A1CD0-F571-43EA-BB6B-4E3D1EC74D17}.Debug|Any CPU.ActiveCfg = Debug|Any CPU
		{7F7A1CD0-F571-43EA-BB6B-4E3D1EC74D17}.Debug|Any CPU.Build.0 = Debug|Any CPU
		{7F7A1CD0-F571-43EA-BB6B-4E3D1EC74D17}.Release|Any CPU.ActiveCfg = Release|Any CPU
		{7F7A1CD0-F571-43EA-BB6B-4E3D1EC74D17}.Release|Any CPU.Build.0 = Release|Any CPU
		{478ADE87-DDF9-494F-8093-2BC24CDD8E84}.Debug|Any CPU.ActiveCfg = Debug|Any CPU
		{478ADE87-DDF9-494F-8093-2BC24CDD8E84}.Debug|Any CPU.Build.0 = Debug|Any CPU
		{478ADE87-DDF9-494F-8093-2BC24CDD8E84}.Release|Any CPU.ActiveCfg = Release|Any CPU
		{478ADE87-DDF9-494F-8093-2BC24CDD8E84}.Release|Any CPU.Build.0 = Release|Any CPU
		{18F68643-5F31-49C1-A2BD-7A99766A24A2}.Debug|Any CPU.ActiveCfg = Debug|Any CPU
		{18F68643-5F31-49C1-A2BD-7A99766A24A2}.Debug|Any CPU.Build.0 = Debug|Any CPU
		{18F68643-5F31-49C1-A2BD-7A99766A24A2}.Release|Any CPU.ActiveCfg = Release|Any CPU
		{18F68643-5F31-49C1-A2BD-7A99766A24A2}.Release|Any CPU.Build.0 = Release|Any CPU
		{83CCE56B-FCD5-43B6-9436-B3CCA14B93D4}.Debug|Any CPU.ActiveCfg = Debug|Any CPU
		{83CCE56B-FCD5-43B6-9436-B3CCA14B93D4}.Debug|Any CPU.Build.0 = Debug|Any CPU
		{83CCE56B-FCD5-43B6-9436-B3CCA14B93D4}.Release|Any CPU.ActiveCfg = Release|Any CPU
		{83CCE56B-FCD5-43B6-9436-B3CCA14B93D4}.Release|Any CPU.Build.0 = Release|Any CPU
		{95F81128-91BC-4005-A020-FFC678EEC93D}.Debug|Any CPU.ActiveCfg = Debug|Any CPU
		{95F81128-91BC-4005-A020-FFC678EEC93D}.Debug|Any CPU.Build.0 = Debug|Any CPU
		{95F81128-91BC-4005-A020-FFC678EEC93D}.Release|Any CPU.ActiveCfg = Release|Any CPU
		{95F81128-91BC-4005-A020-FFC678EEC93D}.Release|Any CPU.Build.0 = Release|Any CPU
		{36D87BCC-C043-414A-8EB8-00A074701D08}.Debug|Any CPU.ActiveCfg = Debug|Any CPU
		{36D87BCC-C043-414A-8EB8-00A074701D08}.Debug|Any CPU.Build.0 = Debug|Any CPU
		{36D87BCC-C043-414A-8EB8-00A074701D08}.Release|Any CPU.ActiveCfg = Release|Any CPU
		{36D87BCC-C043-414A-8EB8-00A074701D08}.Release|Any CPU.Build.0 = Release|Any CPU
		{B5F7E2F3-DF3C-47E9-B9C1-C19D8E105729}.Debug|Any CPU.ActiveCfg = Debug|Any CPU
		{B5F7E2F3-DF3C-47E9-B9C1-C19D8E105729}.Debug|Any CPU.Build.0 = Debug|Any CPU
		{B5F7E2F3-DF3C-47E9-B9C1-C19D8E105729}.Release|Any CPU.ActiveCfg = Release|Any CPU
		{B5F7E2F3-DF3C-47E9-B9C1-C19D8E105729}.Release|Any CPU.Build.0 = Release|Any CPU
		{8E8E6B43-F69D-48A8-A8CE-DD7F385F40E6}.Debug|Any CPU.ActiveCfg = Debug|Any CPU
		{8E8E6B43-F69D-48A8-A8CE-DD7F385F40E6}.Debug|Any CPU.Build.0 = Debug|Any CPU
		{8E8E6B43-F69D-48A8-A8CE-DD7F385F40E6}.Release|Any CPU.ActiveCfg = Release|Any CPU
		{8E8E6B43-F69D-48A8-A8CE-DD7F385F40E6}.Release|Any CPU.Build.0 = Release|Any CPU
		{800E3156-5499-4AEF-A8E6-92091CC42E36}.Debug|Any CPU.ActiveCfg = Debug|Any CPU
		{800E3156-5499-4AEF-A8E6-92091CC42E36}.Debug|Any CPU.Build.0 = Debug|Any CPU
		{800E3156-5499-4AEF-A8E6-92091CC42E36}.Release|Any CPU.ActiveCfg = Release|Any CPU
		{800E3156-5499-4AEF-A8E6-92091CC42E36}.Release|Any CPU.Build.0 = Release|Any CPU
		{CFEB5ACE-FE41-4A4C-99AE-F62DAEDE6FBA}.Debug|Any CPU.ActiveCfg = Debug|Any CPU
		{CFEB5ACE-FE41-4A4C-99AE-F62DAEDE6FBA}.Debug|Any CPU.Build.0 = Debug|Any CPU
		{CFEB5ACE-FE41-4A4C-99AE-F62DAEDE6FBA}.Release|Any CPU.ActiveCfg = Release|Any CPU
		{CFEB5ACE-FE41-4A4C-99AE-F62DAEDE6FBA}.Release|Any CPU.Build.0 = Release|Any CPU
		{476F21DA-8968-4380-9652-89DAFC2E2BB0}.Debug|Any CPU.ActiveCfg = Debug|Any CPU
		{476F21DA-8968-4380-9652-89DAFC2E2BB0}.Debug|Any CPU.Build.0 = Debug|Any CPU
		{476F21DA-8968-4380-9652-89DAFC2E2BB0}.Release|Any CPU.ActiveCfg = Release|Any CPU
		{476F21DA-8968-4380-9652-89DAFC2E2BB0}.Release|Any CPU.Build.0 = Release|Any CPU
		{C06D5FA9-C169-490F-8997-727292F42344}.Debug|Any CPU.ActiveCfg = Debug|Any CPU
		{C06D5FA9-C169-490F-8997-727292F42344}.Debug|Any CPU.Build.0 = Debug|Any CPU
		{C06D5FA9-C169-490F-8997-727292F42344}.Release|Any CPU.ActiveCfg = Release|Any CPU
		{C06D5FA9-C169-490F-8997-727292F42344}.Release|Any CPU.Build.0 = Release|Any CPU
		{65C8B1B8-AC83-42FD-9110-BC850E2F2B51}.Debug|Any CPU.ActiveCfg = Debug|Any CPU
		{65C8B1B8-AC83-42FD-9110-BC850E2F2B51}.Debug|Any CPU.Build.0 = Debug|Any CPU
		{65C8B1B8-AC83-42FD-9110-BC850E2F2B51}.Release|Any CPU.ActiveCfg = Release|Any CPU
		{65C8B1B8-AC83-42FD-9110-BC850E2F2B51}.Release|Any CPU.Build.0 = Release|Any CPU
		{F8C1CDA6-B34F-4C12-B37E-8C20463C24AF}.Debug|Any CPU.ActiveCfg = Debug|Any CPU
		{F8C1CDA6-B34F-4C12-B37E-8C20463C24AF}.Debug|Any CPU.Build.0 = Debug|Any CPU
		{F8C1CDA6-B34F-4C12-B37E-8C20463C24AF}.Release|Any CPU.ActiveCfg = Release|Any CPU
		{F8C1CDA6-B34F-4C12-B37E-8C20463C24AF}.Release|Any CPU.Build.0 = Release|Any CPU
		{BE89731F-DC6A-4E5B-A9A4-90DB7920B4DB}.Debug|Any CPU.ActiveCfg = Debug|Any CPU
		{BE89731F-DC6A-4E5B-A9A4-90DB7920B4DB}.Debug|Any CPU.Build.0 = Debug|Any CPU
		{BE89731F-DC6A-4E5B-A9A4-90DB7920B4DB}.Release|Any CPU.ActiveCfg = Release|Any CPU
		{BE89731F-DC6A-4E5B-A9A4-90DB7920B4DB}.Release|Any CPU.Build.0 = Release|Any CPU
		{795EB5C8-0966-418C-8164-81BBACE2273B}.Debug|Any CPU.ActiveCfg = Debug|Any CPU
		{795EB5C8-0966-418C-8164-81BBACE2273B}.Debug|Any CPU.Build.0 = Debug|Any CPU
		{795EB5C8-0966-418C-8164-81BBACE2273B}.Release|Any CPU.ActiveCfg = Release|Any CPU
		{795EB5C8-0966-418C-8164-81BBACE2273B}.Release|Any CPU.Build.0 = Release|Any CPU
		{D4E4F127-E14E-4944-93FE-C0D1B9C8E899}.Debug|Any CPU.ActiveCfg = Debug|Any CPU
		{D4E4F127-E14E-4944-93FE-C0D1B9C8E899}.Debug|Any CPU.Build.0 = Debug|Any CPU
		{D4E4F127-E14E-4944-93FE-C0D1B9C8E899}.Release|Any CPU.ActiveCfg = Release|Any CPU
		{D4E4F127-E14E-4944-93FE-C0D1B9C8E899}.Release|Any CPU.Build.0 = Release|Any CPU
	EndGlobalSection
	GlobalSection(NestedProjects) = preSolution
		{27E5DBB9-FAC6-4768-9655-843664455162} = {528BF12F-E9A3-430C-8458-7E14348D5316}
		{CB744CA9-F8A5-41C7-8076-D4BB341B1ED6} = {943625B5-08F8-4D67-9BA8-33FB94F47751}
		{6F47987D-9F2C-4FAC-8F28-6CD248096E77} = {943625B5-08F8-4D67-9BA8-33FB94F47751}
		{7F7A1CD0-F571-43EA-BB6B-4E3D1EC74D17} = {6F47987D-9F2C-4FAC-8F28-6CD248096E77}
		{478ADE87-DDF9-494F-8093-2BC24CDD8E84} = {CB744CA9-F8A5-41C7-8076-D4BB341B1ED6}
		{18F68643-5F31-49C1-A2BD-7A99766A24A2} = {CB744CA9-F8A5-41C7-8076-D4BB341B1ED6}
		{83CCE56B-FCD5-43B6-9436-B3CCA14B93D4} = {CB744CA9-F8A5-41C7-8076-D4BB341B1ED6}
		{95F81128-91BC-4005-A020-FFC678EEC93D} = {D9F06CC5-3BB2-460D-9B91-9D28B9C485B3}
		{36D87BCC-C043-414A-8EB8-00A074701D08} = {80A2F739-CC16-44EE-AF0F-33C09C16339F}
		{B5F7E2F3-DF3C-47E9-B9C1-C19D8E105729} = {80A2F739-CC16-44EE-AF0F-33C09C16339F}
		{8E8E6B43-F69D-48A8-A8CE-DD7F385F40E6} = {BE7FD64E-4559-471F-85B0-C08C896377EC}
		{800E3156-5499-4AEF-A8E6-92091CC42E36} = {1C769FEF-DA59-4BF7-BF45-37F927C29002}
		{CFEB5ACE-FE41-4A4C-99AE-F62DAEDE6FBA} = {1C769FEF-DA59-4BF7-BF45-37F927C29002}
		{476F21DA-8968-4380-9652-89DAFC2E2BB0} = {45180037-A8CB-494B-AB31-F04E66A3D0BE}
		{C06D5FA9-C169-490F-8997-727292F42344} = {45180037-A8CB-494B-AB31-F04E66A3D0BE}
		{65C8B1B8-AC83-42FD-9110-BC850E2F2B51} = {45180037-A8CB-494B-AB31-F04E66A3D0BE}
		{F8C1CDA6-B34F-4C12-B37E-8C20463C24AF} = {45180037-A8CB-494B-AB31-F04E66A3D0BE}
		{BE89731F-DC6A-4E5B-A9A4-90DB7920B4DB} = {256FBC5B-3340-4A41-8668-C51830F107FD}
		{795EB5C8-0966-418C-8164-81BBACE2273B} = {256FBC5B-3340-4A41-8668-C51830F107FD}
		{D4E4F127-E14E-4944-93FE-C0D1B9C8E899} = {256FBC5B-3340-4A41-8668-C51830F107FD}
	EndGlobalSection
EndGlobal
